version = 1

[root]
name = "SmallLayoutTest"
version = "0.1.0"
kind = "app"
kira = "0.1.0"

[[root_dependency]]
name = "KiraLayout"
source = "path"
path = "../.."

[[package]]
name = "KiraLayout"
version = "0.1.0"
kind = "library"
kira = "0.1.0"
module_root = "KiraLayout"
source = "path"
path = "/Users/priamc/Coding/kira-projects/kira-layout"
